
Microsoft Visual Studio Solution File, Format Version 12.00
# Visual Studio Version 17
VisualStudioVersion = 17.14.36221.1
MinimumVisualStudioVersion = 10.0.40219.1
Project("{FAE04EC0-301F-11D3-BF4B-00C04F79EFBC}") = "CustomerCommLib", "CustomerCommLib\CustomerCommLib.csproj", "{B92D07B9-15C0-757D-8F11-3FA73ABFC267}"
EndProject
Project("{FAE04EC0-301F-11D3-BF4B-00C04F79EFBC}") = "CustomerCommTests", "CustomerComm.Tests\CustomerCommTests.csproj", "{FD7C6D64-E04B-4710-B723-20B0E39E69BC}"
EndProject
Global
	GlobalSection(SolutionConfigurationPlatforms) = preSolution
		Debug|Any CPU = Debug|Any CPU
		Release|Any CPU = Release|Any CPU
	EndGlobalSection
	GlobalSection(ProjectConfigurationPlatforms) = postSolution
		{B92D07B9-15C0-757D-8F11-3FA73ABFC267}.Debug|Any CPU.ActiveCfg = Debug|Any CPU
		{B92D07B9-15C0-757D-8F11-3FA73ABFC267}.Debug|Any CPU.Build.0 = Debug|Any CPU
		{B92D07B9-15C0-757D-8F11-3FA73ABFC267}.Release|Any CPU.ActiveCfg = Release|Any CPU
		{B92D07B9-15C0-757D-8F11-3FA73ABFC267}.Release|Any CPU.Build.0 = Release|Any CPU
		{FD7C6D64-E04B-4710-B723-20B0E39E69BC}.Debug|Any CPU.ActiveCfg = Debug|Any CPU
		{FD7C6D64-E04B-4710-B723-20B0E39E69BC}.Debug|Any CPU.Build.0 = Debug|Any CPU
		{FD7C6D64-E04B-4710-B723-20B0E39E69BC}.Release|Any CPU.ActiveCfg = Release|Any CPU
		{FD7C6D64-E04B-4710-B723-20B0E39E69BC}.Release|Any CPU.Build.0 = Release|Any CPU
	EndGlobalSection
	GlobalSection(SolutionProperties) = preSolution
		HideSolutionNode = FALSE
	EndGlobalSection
	GlobalSection(ExtensibilityGlobals) = postSolution
		SolutionGuid = {AF35480B-60AF-497B-B099-788D7B21F032}
	EndGlobalSection
EndGlobal
