Microsoft Visual Studio Solution File, Format Version 12.00
# Visual Studio Version 17
VisualStudioVersion = 17.5.2.0
MinimumVisualStudioVersion = 10.0.40219.1
Project("{FAE04EC0-301F-11D3-BF4B-00C04F79EFBC}") = "fifth", "fifth.csproj", "{33F2C396-2702-B35A-6755-1714297C7874}"
EndProject
Global
	GlobalSection(SolutionConfigurationPlatforms) = preSolution
		Debug|Any CPU = Debug|Any CPU
		Release|Any CPU = Release|Any CPU
	EndGlobalSection
	GlobalSection(ProjectConfigurationPlatforms) = postSolution
		{33F2C396-2702-B35A-6755-1714297C7874}.Debug|Any CPU.ActiveCfg = Debug|Any CPU
		{33F2C396-2702-B35A-6755-1714297C7874}.Debug|Any CPU.Build.0 = Debug|Any CPU
		{33F2C396-2702-B35A-6755-1714297C7874}.Release|Any CPU.ActiveCfg = Release|Any CPU
		{33F2C396-2702-B35A-6755-1714297C7874}.Release|Any CPU.Build.0 = Release|Any CPU
	EndGlobalSection
	GlobalSection(SolutionProperties) = preSolution
		HideSolutionNode = FALSE
	EndGlobalSection
	GlobalSection(ExtensibilityGlobals) = postSolution
		SolutionGuid = {54FB8659-D61E-494E-B256-F25417B414C8}
	EndGlobalSection
EndGlobal
