Microsoft Visual Studio Solution File, Format Version 12.00
# Visual Studio Version 17
VisualStudioVersion = 17.5.2.0
MinimumVisualStudioVersion = 10.0.40219.1
Project("{FAE04EC0-301F-11D3-BF4B-00C04F79EFBC}") = "MyFirstAPI", "MyFirstAPI\MyFirstAPI.csproj", "{13B47FEC-4DA8-B7B4-7761-2EB43824B49D}"
EndProject
Global
	GlobalSection(SolutionConfigurationPlatforms) = preSolution
		Debug|Any CPU = Debug|Any CPU
		Release|Any CPU = Release|Any CPU
	EndGlobalSection
	GlobalSection(ProjectConfigurationPlatforms) = postSolution
		{13B47FEC-4DA8-B7B4-7761-2EB43824B49D}.Debug|Any CPU.ActiveCfg = Debug|Any CPU
		{13B47FEC-4DA8-B7B4-7761-2EB43824B49D}.Debug|Any CPU.Build.0 = Debug|Any CPU
		{13B47FEC-4DA8-B7B4-7761-2EB43824B49D}.Release|Any CPU.ActiveCfg = Release|Any CPU
		{13B47FEC-4DA8-B7B4-7761-2EB43824B49D}.Release|Any CPU.Build.0 = Release|Any CPU
	EndGlobalSection
	GlobalSection(SolutionProperties) = preSolution
		HideSolutionNode = FALSE
	EndGlobalSection
	GlobalSection(ExtensibilityGlobals) = postSolution
		SolutionGuid = {2EE3D88E-D5FF-472F-A97E-8AC88B1461DE}
	EndGlobalSection
EndGlobal
