Microsoft Visual Studio Solution File, Format Version 12.00
# Visual Studio Version 17
VisualStudioVersion = 17.5.2.0
MinimumVisualStudioVersion = 10.0.40219.1
Project("{FAE04EC0-301F-11D3-BF4B-00C04F79EFBC}") = "EmployeeCrudAPI", "EmployeeCrudAPI\EmployeeCrudAPI.csproj", "{82401007-9F5E-FDEE-7F56-0BAA78E8DB3E}"
EndProject
Global
	GlobalSection(SolutionConfigurationPlatforms) = preSolution
		Debug|Any CPU = Debug|Any CPU
		Release|Any CPU = Release|Any CPU
	EndGlobalSection
	GlobalSection(ProjectConfigurationPlatforms) = postSolution
		{82401007-9F5E-FDEE-7F56-0BAA78E8DB3E}.Debug|Any CPU.ActiveCfg = Debug|Any CPU
		{82401007-9F5E-FDEE-7F56-0BAA78E8DB3E}.Debug|Any CPU.Build.0 = Debug|Any CPU
		{82401007-9F5E-FDEE-7F56-0BAA78E8DB3E}.Release|Any CPU.ActiveCfg = Release|Any CPU
		{82401007-9F5E-FDEE-7F56-0BAA78E8DB3E}.Release|Any CPU.Build.0 = Release|Any CPU
	EndGlobalSection
	GlobalSection(SolutionProperties) = preSolution
		HideSolutionNode = FALSE
	EndGlobalSection
	GlobalSection(ExtensibilityGlobals) = postSolution
		SolutionGuid = {5492F1D9-3195-4581-8646-D991C1B2EF7C}
	EndGlobalSection
EndGlobal
